
Microsoft Visual Studio Solution File, Format Version 12.00
# Visual Studio Version 17
VisualStudioVersion = 17.6.33829.357
MinimumVisualStudioVersion = 10.0.40219.1
Project("{FAE04EC0-301F-11D3-BF4B-00C04F79EFBC}") = "UpdateAttributes", "UpdateAttributes\UpdateAttributes.csproj", "{CE187D37-D8CA-45A7-9282-3AB44B6A9E2E}"
EndProject
Global
	GlobalSection(SolutionConfigurationPlatforms) = preSolution
		Debug|Any CPU = Debug|Any CPU
		Release|Any CPU = Release|Any CPU
	EndGlobalSection
	GlobalSection(ProjectConfigurationPlatforms) = postSolution
		{CE187D37-D8CA-45A7-9282-3AB44B6A9E2E}.Debug|Any CPU.ActiveCfg = Debug|Any CPU
		{CE187D37-D8CA-45A7-9282-3AB44B6A9E2E}.Debug|Any CPU.Build.0 = Debug|Any CPU
		{CE187D37-D8CA-45A7-9282-3AB44B6A9E2E}.Release|Any CPU.ActiveCfg = Release|Any CPU
		{CE187D37-D8CA-45A7-9282-3AB44B6A9E2E}.Release|Any CPU.Build.0 = Release|Any CPU
	EndGlobalSection
	GlobalSection(SolutionProperties) = preSolution
		HideSolutionNode = FALSE
	EndGlobalSection
	GlobalSection(ExtensibilityGlobals) = postSolution
		SolutionGuid = {09882126-EAE6-485C-BBB3-F2BF3981F7E1}
	EndGlobalSection
EndGlobal
